// !$*UTF8*$!
{
	archiveVersion = 1;
	classes = {
	};
	objectVersion = 52;
	objects = {

/* Begin PBXBuildFile section */
		DD62471E25AF30BE0081F68F /* test.m in Sources */ = {isa = PBXBuildFile; fileRef = DD62471D25AF30BE0081F68F /* test.m */; };
		DD624D2125B05EED0081F68F /* wat WatchKit App.app in Embed Watch Content */ = {isa = PBXBuildFile; fileRef = DD624D2025B05EED0081F68F /* wat WatchKit App.app */; settings = {ATTRIBUTES = (RemoveHeadersOnCopy, ); }; };
		DD624D2725B05EED0081F68F /* Interface.storyboard in Resources */ = {isa = PBXBuildFile; fileRef = DD624D2525B05EED0081F68F /* Interface.storyboard */; };
		DD624D2925B05EEE0081F68F /* Assets.xcassets in Resources */ = {isa = PBXBuildFile; fileRef = DD624D2825B05EEE0081F68F /* Assets.xcassets */; };
		DD624D3025B05EEE0081F68F /* wat WatchKit Extension.appex in Embed App Extensions */ = {isa = PBXBuildFile; fileRef = DD624D2F25B05EEE0081F68F /* wat WatchKit Extension.appex */; settings = {ATTRIBUTES = (RemoveHeadersOnCopy, ); }; };
		DD624D3525B05EEE0081F68F /* InterfaceController.swift in Sources */ = {isa = PBXBuildFile; fileRef = DD624D3425B05EEE0081F68F /* InterfaceController.swift */; };
		DD624D3725B05EEE0081F68F /* ExtensionDelegate.swift in Sources */ = {isa = PBXBuildFile; fileRef = DD624D3625B05EEE0081F68F /* ExtensionDelegate.swift */; };
		DD624D3925B05EEE0081F68F /* NotificationController.swift in Sources */ = {isa = PBXBuildFile; fileRef = DD624D3825B05EEE0081F68F /* NotificationController.swift */; };
		DD624D3B25B05EEE0081F68F /* ComplicationController.swift in Sources */ = {isa = PBXBuildFile; fileRef = DD624D3A25B05EEE0081F68F /* ComplicationController.swift */; };
		DD624D3D25B05EEE0081F68F /* Assets.xcassets in Resources */ = {isa = PBXBuildFile; fileRef = DD624D3C25B05EEE0081F68F /* Assets.xcassets */; };
		DD624D4E25B05EF90081F68F /* CocoaLumberjack.xcframework in Frameworks */ = {isa = PBXBuildFile; fileRef = DD624D1825B05ED30081F68F /* CocoaLumberjack.xcframework */; };
		DD74C32A25AF302A00C4A922 /* AppDelegate.swift in Sources */ = {isa = PBXBuildFile; fileRef = DD74C32925AF302A00C4A922 /* AppDelegate.swift */; };
		DD74C32C25AF302A00C4A922 /* SceneDelegate.swift in Sources */ = {isa = PBXBuildFile; fileRef = DD74C32B25AF302A00C4A922 /* SceneDelegate.swift */; };
		DD74C32E25AF302A00C4A922 /* ViewController.swift in Sources */ = {isa = PBXBuildFile; fileRef = DD74C32D25AF302A00C4A922 /* ViewController.swift */; };
		DD74C33125AF302A00C4A922 /* Main.storyboard in Resources */ = {isa = PBXBuildFile; fileRef = DD74C32F25AF302A00C4A922 /* Main.storyboard */; };
		DD74C33325AF302C00C4A922 /* Assets.xcassets in Resources */ = {isa = PBXBuildFile; fileRef = DD74C33225AF302C00C4A922 /* Assets.xcassets */; };
		DD74C33625AF302C00C4A922 /* LaunchScreen.storyboard in Resources */ = {isa = PBXBuildFile; fileRef = DD74C33425AF302C00C4A922 /* LaunchScreen.storyboard */; };
/* End PBXBuildFile section */

/* Begin PBXContainerItemProxy section */
		DD624D2225B05EED0081F68F /* PBXContainerItemProxy */ = {
			isa = PBXContainerItemProxy;
			containerPortal = DD74C31E25AF302A00C4A922 /* Project object */;
			proxyType = 1;
			remoteGlobalIDString = DD624D1F25B05EED0081F68F;
			remoteInfo = "wat WatchKit App";
		};
		DD624D3125B05EEE0081F68F /* PBXContainerItemProxy */ = {
			isa = PBXContainerItemProxy;
			containerPortal = DD74C31E25AF302A00C4A922 /* Project object */;
			proxyType = 1;
			remoteGlobalIDString = DD624D2E25B05EEE0081F68F;
			remoteInfo = "wat WatchKit Extension";
		};
/* End PBXContainerItemProxy section */

/* Begin PBXCopyFilesBuildPhase section */
		DD62473525AF32130081F68F /* Embed Frameworks */ = {
			isa = PBXCopyFilesBuildPhase;
			buildActionMask = 2147483647;
			dstPath = "";
			dstSubfolderSpec = 10;
			files = (
			);
			name = "Embed Frameworks";
			runOnlyForDeploymentPostprocessing = 0;
		};
		DD624D4325B05EEF0081F68F /* Embed App Extensions */ = {
			isa = PBXCopyFilesBuildPhase;
			buildActionMask = 2147483647;
			dstPath = "";
			dstSubfolderSpec = 13;
			files = (
				DD624D3025B05EEE0081F68F /* wat WatchKit Extension.appex in Embed App Extensions */,
			);
			name = "Embed App Extensions";
			runOnlyForDeploymentPostprocessing = 0;
		};
		DD624D4725B05EEF0081F68F /* Embed Watch Content */ = {
			isa = PBXCopyFilesBuildPhase;
			buildActionMask = 2147483647;
			dstPath = "$(CONTENTS_FOLDER_PATH)/Watch";
			dstSubfolderSpec = 16;
			files = (
				DD624D2125B05EED0081F68F /* wat WatchKit App.app in Embed Watch Content */,
			);
			name = "Embed Watch Content";
			runOnlyForDeploymentPostprocessing = 0;
		};
/* End PBXCopyFilesBuildPhase section */

/* Begin PBXFileReference section */
		DD62471C25AF30BD0081F68F /* CLJTest-Bridging-Header.h */ = {isa = PBXFileReference; lastKnownFileType = sourcecode.c.h; path = "CLJTest-Bridging-Header.h"; sourceTree = "<group>"; };
		DD62471D25AF30BE0081F68F /* test.m */ = {isa = PBXFileReference; lastKnownFileType = sourcecode.c.objc; path = test.m; sourceTree = "<group>"; };
		DD624D1825B05ED30081F68F /* CocoaLumberjack.xcframework */ = {isa = PBXFileReference; lastKnownFileType = wrapper.xcframework; name = CocoaLumberjack.xcframework; path = Carthage/Build/CocoaLumberjack.xcframework; sourceTree = SOURCE_ROOT; };
		DD624D1D25B05EED0081F68F /* wat.app */ = {isa = PBXFileReference; explicitFileType = wrapper.application; includeInIndex = 0; path = wat.app; sourceTree = BUILT_PRODUCTS_DIR; };
		DD624D2025B05EED0081F68F /* wat WatchKit App.app */ = {isa = PBXFileReference; explicitFileType = wrapper.application; includeInIndex = 0; path = "wat WatchKit App.app"; sourceTree = BUILT_PRODUCTS_DIR; };
		DD624D2625B05EED0081F68F /* Base */ = {isa = PBXFileReference; lastKnownFileType = file.storyboard; name = Base; path = Base.lproj/Interface.storyboard; sourceTree = "<group>"; };
		DD624D2825B05EEE0081F68F /* Assets.xcassets */ = {isa = PBXFileReference; lastKnownFileType = folder.assetcatalog; path = Assets.xcassets; sourceTree = "<group>"; wrapsLines = 1; };
		DD624D2A25B05EEE0081F68F /* Info.plist */ = {isa = PBXFileReference; lastKnownFileType = text.plist.xml; path = Info.plist; sourceTree = "<group>"; };
		DD624D2F25B05EEE0081F68F /* wat WatchKit Extension.appex */ = {isa = PBXFileReference; explicitFileType = "wrapper.app-extension"; includeInIndex = 0; path = "wat WatchKit Extension.appex"; sourceTree = BUILT_PRODUCTS_DIR; };
		DD624D3425B05EEE0081F68F /* InterfaceController.swift */ = {isa = PBXFileReference; lastKnownFileType = sourcecode.swift; path = InterfaceController.swift; sourceTree = "<group>"; };
		DD624D3625B05EEE0081F68F /* ExtensionDelegate.swift */ = {isa = PBXFileReference; lastKnownFileType = sourcecode.swift; path = ExtensionDelegate.swift; sourceTree = "<group>"; };
		DD624D3825B05EEE0081F68F /* NotificationController.swift */ = {isa = PBXFileReference; lastKnownFileType = sourcecode.swift; path = NotificationController.swift; sourceTree = "<group>"; };
		DD624D3A25B05EEE0081F68F /* ComplicationController.swift */ = {isa = PBXFileReference; lastKnownFileType = sourcecode.swift; path = ComplicationController.swift; sourceTree = "<group>"; };
		DD624D3C25B05EEE0081F68F /* Assets.xcassets */ = {isa = PBXFileReference; lastKnownFileType = folder.assetcatalog; path = Assets.xcassets; sourceTree = "<group>"; };
		DD624D3E25B05EEE0081F68F /* Info.plist */ = {isa = PBXFileReference; lastKnownFileType = text.plist.xml; path = Info.plist; sourceTree = "<group>"; };
		DD624D3F25B05EEF0081F68F /* PushNotificationPayload.apns */ = {isa = PBXFileReference; lastKnownFileType = text; path = PushNotificationPayload.apns; sourceTree = "<group>"; };
		DD74C32625AF302A00C4A922 /* CLJTest.app */ = {isa = PBXFileReference; explicitFileType = wrapper.application; includeInIndex = 0; path = CLJTest.app; sourceTree = BUILT_PRODUCTS_DIR; };
		DD74C32925AF302A00C4A922 /* AppDelegate.swift */ = {isa = PBXFileReference; lastKnownFileType = sourcecode.swift; path = AppDelegate.swift; sourceTree = "<group>"; };
		DD74C32B25AF302A00C4A922 /* SceneDelegate.swift */ = {isa = PBXFileReference; lastKnownFileType = sourcecode.swift; path = SceneDelegate.swift; sourceTree = "<group>"; };
		DD74C32D25AF302A00C4A922 /* ViewController.swift */ = {isa = PBXFileReference; lastKnownFileType = sourcecode.swift; path = ViewController.swift; sourceTree = "<group>"; };
		DD74C33025AF302A00C4A922 /* Base */ = {isa = PBXFileReference; lastKnownFileType = file.storyboard; name = Base; path = Base.lproj/Main.storyboard; sourceTree = "<group>"; };
		DD74C33225AF302C00C4A922 /* Assets.xcassets */ = {isa = PBXFileReference; lastKnownFileType = folder.assetcatalog; path = Assets.xcassets; sourceTree = "<group>"; };
		DD74C33525AF302C00C4A922 /* Base */ = {isa = PBXFileReference; lastKnownFileType = file.storyboard; name = Base; path = Base.lproj/LaunchScreen.storyboard; sourceTree = "<group>"; };
		DD74C33725AF302C00C4A922 /* Info.plist */ = {isa = PBXFileReference; lastKnownFileType = text.plist.xml; path = Info.plist; sourceTree = "<group>"; };
/* End PBXFileReference section */

/* Begin PBXFrameworksBuildPhase section */
		DD624D2C25B05EEE0081F68F /* Frameworks */ = {
			isa = PBXFrameworksBuildPhase;
			buildActionMask = 2147483647;
			files = (
				DD624D4E25B05EF90081F68F /* CocoaLumberjack.xcframework in Frameworks */,
			);
			runOnlyForDeploymentPostprocessing = 0;
		};
		DD74C32325AF302A00C4A922 /* Frameworks */ = {
			isa = PBXFrameworksBuildPhase;
			buildActionMask = 2147483647;
			files = (
			);
			runOnlyForDeploymentPostprocessing = 0;
		};
/* End PBXFrameworksBuildPhase section */

/* Begin PBXGroup section */
		DD62471925AF30980081F68F /* Frameworks */ = {
			isa = PBXGroup;
			children = (
			);
			name = Frameworks;
			sourceTree = "<group>";
		};
		DD624D2425B05EED0081F68F /* wat WatchKit App */ = {
			isa = PBXGroup;
			children = (
				DD624D2525B05EED0081F68F /* Interface.storyboard */,
				DD624D2825B05EEE0081F68F /* Assets.xcassets */,
				DD624D2A25B05EEE0081F68F /* Info.plist */,
			);
			path = "wat WatchKit App";
			sourceTree = "<group>";
		};
		DD624D3325B05EEE0081F68F /* wat WatchKit Extension */ = {
			isa = PBXGroup;
			children = (
				DD624D3425B05EEE0081F68F /* InterfaceController.swift */,
				DD624D3625B05EEE0081F68F /* ExtensionDelegate.swift */,
				DD624D3825B05EEE0081F68F /* NotificationController.swift */,
				DD624D3A25B05EEE0081F68F /* ComplicationController.swift */,
				DD624D3C25B05EEE0081F68F /* Assets.xcassets */,
				DD624D3E25B05EEE0081F68F /* Info.plist */,
				DD624D3F25B05EEF0081F68F /* PushNotificationPayload.apns */,
			);
			path = "wat WatchKit Extension";
			sourceTree = "<group>";
		};
		DD74C31D25AF302A00C4A922 = {
			isa = PBXGroup;
			children = (
				DD74C32825AF302A00C4A922 /* CLJTest */,
				DD624D2425B05EED0081F68F /* wat WatchKit App */,
				DD624D3325B05EEE0081F68F /* wat WatchKit Extension */,
				DD74C32725AF302A00C4A922 /* Products */,
				DD62471925AF30980081F68F /* Frameworks */,
			);
			sourceTree = "<group>";
		};
		DD74C32725AF302A00C4A922 /* Products */ = {
			isa = PBXGroup;
			children = (
				DD74C32625AF302A00C4A922 /* CLJTest.app */,
				DD624D1D25B05EED0081F68F /* wat.app */,
				DD624D2025B05EED0081F68F /* wat WatchKit App.app */,
				DD624D2F25B05EEE0081F68F /* wat WatchKit Extension.appex */,
			);
			name = Products;
			sourceTree = "<group>";
		};
		DD74C32825AF302A00C4A922 /* CLJTest */ = {
			isa = PBXGroup;
			children = (
				DD624D1825B05ED30081F68F /* CocoaLumberjack.xcframework */,
				DD74C32925AF302A00C4A922 /* AppDelegate.swift */,
				DD74C32B25AF302A00C4A922 /* SceneDelegate.swift */,
				DD74C32D25AF302A00C4A922 /* ViewController.swift */,
				DD74C32F25AF302A00C4A922 /* Main.storyboard */,
				DD74C33225AF302C00C4A922 /* Assets.xcassets */,
				DD74C33425AF302C00C4A922 /* LaunchScreen.storyboard */,
				DD74C33725AF302C00C4A922 /* Info.plist */,
				DD62471D25AF30BE0081F68F /* test.m */,
				DD62471C25AF30BD0081F68F /* CLJTest-Bridging-Header.h */,
			);
			path = CLJTest;
			sourceTree = "<group>";
		};
/* End PBXGroup section */

/* Begin PBXNativeTarget section */
		DD624D1C25B05EED0081F68F /* wat */ = {
			isa = PBXNativeTarget;
			buildConfigurationList = DD624D4825B05EEF0081F68F /* Build configuration list for PBXNativeTarget "wat" */;
			buildPhases = (
				DD624D1B25B05EED0081F68F /* Resources */,
				DD624D4725B05EEF0081F68F /* Embed Watch Content */,
			);
			buildRules = (
			);
			dependencies = (
				DD624D2325B05EED0081F68F /* PBXTargetDependency */,
			);
			name = wat;
			productName = wat;
			productReference = DD624D1D25B05EED0081F68F /* wat.app */;
			productType = "com.apple.product-type.application.watchapp2-container";
		};
		DD624D1F25B05EED0081F68F /* wat WatchKit App */ = {
			isa = PBXNativeTarget;
			buildConfigurationList = DD624D4425B05EEF0081F68F /* Build configuration list for PBXNativeTarget "wat WatchKit App" */;
			buildPhases = (
				DD624D1E25B05EED0081F68F /* Resources */,
				DD624D4325B05EEF0081F68F /* Embed App Extensions */,
			);
			buildRules = (
			);
			dependencies = (
				DD624D3225B05EEE0081F68F /* PBXTargetDependency */,
			);
			name = "wat WatchKit App";
			productName = "wat WatchKit App";
			productReference = DD624D2025B05EED0081F68F /* wat WatchKit App.app */;
			productType = "com.apple.product-type.application.watchapp2";
		};
		DD624D2E25B05EEE0081F68F /* wat WatchKit Extension */ = {
			isa = PBXNativeTarget;
			buildConfigurationList = DD624D4025B05EEF0081F68F /* Build configuration list for PBXNativeTarget "wat WatchKit Extension" */;
			buildPhases = (
				DD624D2B25B05EEE0081F68F /* Sources */,
				DD624D2C25B05EEE0081F68F /* Frameworks */,
				DD624D2D25B05EEE0081F68F /* Resources */,
			);
			buildRules = (
			);
			dependencies = (
			);
			name = "wat WatchKit Extension";
			productName = "wat WatchKit Extension";
			productReference = DD624D2F25B05EEE0081F68F /* wat WatchKit Extension.appex */;
			productType = "com.apple.product-type.watchkit2-extension";
		};
		DD74C32525AF302A00C4A922 /* CLJTest */ = {
			isa = PBXNativeTarget;
			buildConfigurationList = DD74C33A25AF302C00C4A922 /* Build configuration list for PBXNativeTarget "CLJTest" */;
			buildPhases = (
				DD74C32225AF302A00C4A922 /* Sources */,
				DD74C32325AF302A00C4A922 /* Frameworks */,
				DD74C32425AF302A00C4A922 /* Resources */,
				DD62473525AF32130081F68F /* Embed Frameworks */,
			);
			buildRules = (
			);
			dependencies = (
			);
			name = CLJTest;
			productName = CLJTest;
			productReference = DD74C32625AF302A00C4A922 /* CLJTest.app */;
			productType = "com.apple.product-type.application";
		};
/* End PBXNativeTarget section */

/* Begin PBXProject section */
		DD74C31E25AF302A00C4A922 /* Project object */ = {
			isa = PBXProject;
			attributes = {
				LastSwiftUpdateCheck = 1220;
				LastUpgradeCheck = 1220;
				TargetAttributes = {
					DD624D1C25B05EED0081F68F = {
						CreatedOnToolsVersion = 12.2;
					};
					DD624D1F25B05EED0081F68F = {
						CreatedOnToolsVersion = 12.2;
					};
					DD624D2E25B05EEE0081F68F = {
						CreatedOnToolsVersion = 12.2;
					};
					DD74C32525AF302A00C4A922 = {
						CreatedOnToolsVersion = 12.2;
						LastSwiftMigration = 1220;
					};
				};
			};
			buildConfigurationList = DD74C32125AF302A00C4A922 /* Build configuration list for PBXProject "CLJTest" */;
			compatibilityVersion = "Xcode 9.3";
			developmentRegion = en;
			hasScannedForEncodings = 0;
			knownRegions = (
				en,
				Base,
			);
			mainGroup = DD74C31D25AF302A00C4A922;
			productRefGroup = DD74C32725AF302A00C4A922 /* Products */;
			projectDirPath = "";
			projectRoot = "";
			targets = (
				DD74C32525AF302A00C4A922 /* CLJTest */,
				DD624D1C25B05EED0081F68F /* wat */,
				DD624D1F25B05EED0081F68F /* wat WatchKit App */,
				DD624D2E25B05EEE0081F68F /* wat WatchKit Extension */,
			);
		};
/* End PBXProject section */

/* Begin PBXResourcesBuildPhase section */
		DD624D1B25B05EED0081F68F /* Resources */ = {
			isa = PBXResourcesBuildPhase;
			buildActionMask = 2147483647;
			files = (
			);
			runOnlyForDeploymentPostprocessing = 0;
		};
		DD624D1E25B05EED0081F68F /* Resources */ = {
			isa = PBXResourcesBuildPhase;
			buildActionMask = 2147483647;
			files = (
				DD624D2925B05EEE0081F68F /* Assets.xcassets in Resources */,
				DD624D2725B05EED0081F68F /* Interface.storyboard in Resources */,
			);
			runOnlyForDeploymentPostprocessing = 0;
		};
		DD624D2D25B05EEE0081F68F /* Resources */ = {
			isa = PBXResourcesBuildPhase;
			buildActionMask = 2147483647;
			files = (
				DD624D3D25B05EEE0081F68F /* Assets.xcassets in Resources */,
			);
			runOnlyForDeploymentPostprocessing = 0;
		};
		DD74C32425AF302A00C4A922 /* Resources */ = {
			isa = PBXResourcesBuildPhase;
			buildActionMask = 2147483647;
			files = (
				DD74C33625AF302C00C4A922 /* LaunchScreen.storyboard in Resources */,
				DD74C33325AF302C00C4A922 /* Assets.xcassets in Resources */,
				DD74C33125AF302A00C4A922 /* Main.storyboard in Resources */,
			);
			runOnlyForDeploymentPostprocessing = 0;
		};
/* End PBXResourcesBuildPhase section */

/* Begin PBXSourcesBuildPhase section */
		DD624D2B25B05EEE0081F68F /* Sources */ = {
			isa = PBXSourcesBuildPhase;
			buildActionMask = 2147483647;
			files = (
				DD624D3925B05EEE0081F68F /* NotificationController.swift in Sources */,
				DD624D3B25B05EEE0081F68F /* ComplicationController.swift in Sources */,
				DD624D3725B05EEE0081F68F /* ExtensionDelegate.swift in Sources */,
				DD624D3525B05EEE0081F68F /* InterfaceController.swift in Sources */,
			);
			runOnlyForDeploymentPostprocessing = 0;
		};
		DD74C32225AF302A00C4A922 /* Sources */ = {
			isa = PBXSourcesBuildPhase;
			buildActionMask = 2147483647;
			files = (
				DD74C32E25AF302A00C4A922 /* ViewController.swift in Sources */,
				DD62471E25AF30BE0081F68F /* test.m in Sources */,
				DD74C32A25AF302A00C4A922 /* AppDelegate.swift in Sources */,
				DD74C32C25AF302A00C4A922 /* SceneDelegate.swift in Sources */,
			);
			runOnlyForDeploymentPostprocessing = 0;
		};
/* End PBXSourcesBuildPhase section */

/* Begin PBXTargetDependency section */
		DD624D2325B05EED0081F68F /* PBXTargetDependency */ = {
			isa = PBXTargetDependency;
			target = DD624D1F25B05EED0081F68F /* wat WatchKit App */;
			targetProxy = DD624D2225B05EED0081F68F /* PBXContainerItemProxy */;
		};
		DD624D3225B05EEE0081F68F /* PBXTargetDependency */ = {
			isa = PBXTargetDependency;
			target = DD624D2E25B05EEE0081F68F /* wat WatchKit Extension */;
			targetProxy = DD624D3125B05EEE0081F68F /* PBXContainerItemProxy */;
		};
/* End PBXTargetDependency section */

/* Begin PBXVariantGroup section */
		DD624D2525B05EED0081F68F /* Interface.storyboard */ = {
			isa = PBXVariantGroup;
			children = (
				DD624D2625B05EED0081F68F /* Base */,
			);
			name = Interface.storyboard;
			sourceTree = "<group>";
		};
		DD74C32F25AF302A00C4A922 /* Main.storyboard */ = {
			isa = PBXVariantGroup;
			children = (
				DD74C33025AF302A00C4A922 /* Base */,
			);
			name = Main.storyboard;
			sourceTree = "<group>";
		};
		DD74C33425AF302C00C4A922 /* LaunchScreen.storyboard */ = {
			isa = PBXVariantGroup;
			children = (
				DD74C33525AF302C00C4A922 /* Base */,
			);
			name = LaunchScreen.storyboard;
			sourceTree = "<group>";
		};
/* End PBXVariantGroup section */

/* Begin XCBuildConfiguration section */
		DD624D4125B05EEF0081F68F /* Debug */ = {
			isa = XCBuildConfiguration;
			buildSettings = {
				ALWAYS_SEARCH_USER_PATHS = NO;
				ASSETCATALOG_COMPILER_COMPLICATION_NAME = Complication;
				CLANG_ANALYZER_NONNULL = YES;
				CLANG_ANALYZER_NUMBER_OBJECT_CONVERSION = YES_AGGRESSIVE;
				CLANG_CXX_LANGUAGE_STANDARD = "gnu++14";
				CLANG_CXX_LIBRARY = "libc++";
				CLANG_ENABLE_MODULES = YES;
				CLANG_ENABLE_OBJC_ARC = YES;
				CLANG_ENABLE_OBJC_WEAK = YES;
				CLANG_WARN_BLOCK_CAPTURE_AUTORELEASING = YES;
				CLANG_WARN_BOOL_CONVERSION = YES;
				CLANG_WARN_COMMA = YES;
				CLANG_WARN_CONSTANT_CONVERSION = YES;
				CLANG_WARN_DEPRECATED_OBJC_IMPLEMENTATIONS = YES;
				CLANG_WARN_DIRECT_OBJC_ISA_USAGE = YES_ERROR;
				CLANG_WARN_DOCUMENTATION_COMMENTS = YES;
				CLANG_WARN_EMPTY_BODY = YES;
				CLANG_WARN_ENUM_CONVERSION = YES;
				CLANG_WARN_INFINITE_RECURSION = YES;
				CLANG_WARN_INT_CONVERSION = YES;
				CLANG_WARN_NON_LITERAL_NULL_CONVERSION = YES;
				CLANG_WARN_OBJC_IMPLICIT_RETAIN_SELF = YES;
				CLANG_WARN_OBJC_LITERAL_CONVERSION = YES;
				CLANG_WARN_OBJC_ROOT_CLASS = YES_ERROR;
				CLANG_WARN_QUOTED_INCLUDE_IN_FRAMEWORK_HEADER = YES;
				CLANG_WARN_RANGE_LOOP_ANALYSIS = YES;
				CLANG_WARN_STRICT_PROTOTYPES = YES;
				CLANG_WARN_SUSPICIOUS_MOVE = YES;
				CLANG_WARN_UNGUARDED_AVAILABILITY = YES_AGGRESSIVE;
				CLANG_WARN_UNREACHABLE_CODE = YES;
				CLANG_WARN__DUPLICATE_METHOD_MATCH = YES;
				CODE_SIGN_STYLE = Automatic;
				COPY_PHASE_STRIP = NO;
				DEBUG_INFORMATION_FORMAT = dwarf;
				ENABLE_BITCODE = YES;
				ENABLE_STRICT_OBJC_MSGSEND = YES;
				ENABLE_TESTABILITY = YES;
				GCC_C_LANGUAGE_STANDARD = gnu11;
				GCC_DYNAMIC_NO_PIC = NO;
				GCC_NO_COMMON_BLOCKS = YES;
				GCC_OPTIMIZATION_LEVEL = 0;
				GCC_PREPROCESSOR_DEFINITIONS = (
					"DEBUG=1",
					"$(inherited)",
				);
				GCC_WARN_64_TO_32_BIT_CONVERSION = YES;
				GCC_WARN_ABOUT_RETURN_TYPE = YES_ERROR;
				GCC_WARN_UNDECLARED_SELECTOR = YES;
				GCC_WARN_UNINITIALIZED_AUTOS = YES_AGGRESSIVE;
				GCC_WARN_UNUSED_FUNCTION = YES;
				GCC_WARN_UNUSED_VARIABLE = YES;
				INFOPLIST_FILE = "wat WatchKit Extension/Info.plist";
				LD_RUNPATH_SEARCH_PATHS = (
					"$(inherited)",
					"@executable_path/Frameworks",
					"@executable_path/../../Frameworks",
				);
				MTL_ENABLE_DEBUG_INFO = INCLUDE_SOURCE;
				MTL_FAST_MATH = YES;
				ONLY_ACTIVE_ARCH = YES;
				PRODUCT_BUNDLE_IDENTIFIER = com.microsoft.Office.Outlook.wat.watchkitapp.watchkitextension;
				PRODUCT_NAME = "${TARGET_NAME}";
				SDKROOT = watchos;
				SKIP_INSTALL = YES;
				SWIFT_ACTIVE_COMPILATION_CONDITIONS = DEBUG;
				SWIFT_OPTIMIZATION_LEVEL = "-Onone";
				SWIFT_VERSION = 5.0;
				TARGETED_DEVICE_FAMILY = 4;
				WATCHOS_DEPLOYMENT_TARGET = 7.1;
			};
			name = Debug;
		};
		DD624D4225B05EEF0081F68F /* Release */ = {
			isa = XCBuildConfiguration;
			buildSettings = {
				ALWAYS_SEARCH_USER_PATHS = NO;
				ASSETCATALOG_COMPILER_COMPLICATION_NAME = Complication;
				CLANG_ANALYZER_NONNULL = YES;
				CLANG_ANALYZER_NUMBER_OBJECT_CONVERSION = YES_AGGRESSIVE;
				CLANG_CXX_LANGUAGE_STANDARD = "gnu++14";
				CLANG_CXX_LIBRARY = "libc++";
				CLANG_ENABLE_MODULES = YES;
				CLANG_ENABLE_OBJC_ARC = YES;
				CLANG_ENABLE_OBJC_WEAK = YES;
				CLANG_WARN_BLOCK_CAPTURE_AUTORELEASING = YES;
				CLANG_WARN_BOOL_CONVERSION = YES;
				CLANG_WARN_COMMA = YES;
				CLANG_WARN_CONSTANT_CONVERSION = YES;
				CLANG_WARN_DEPRECATED_OBJC_IMPLEMENTATIONS = YES;
				CLANG_WARN_DIRECT_OBJC_ISA_USAGE = YES_ERROR;
				CLANG_WARN_DOCUMENTATION_COMMENTS = YES;
				CLANG_WARN_EMPTY_BODY = YES;
				CLANG_WARN_ENUM_CONVERSION = YES;
				CLANG_WARN_INFINITE_RECURSION = YES;
				CLANG_WARN_INT_CONVERSION = YES;
				CLANG_WARN_NON_LITERAL_NULL_CONVERSION = YES;
				CLANG_WARN_OBJC_IMPLICIT_RETAIN_SELF = YES;
				CLANG_WARN_OBJC_LITERAL_CONVERSION = YES;
				CLANG_WARN_OBJC_ROOT_CLASS = YES_ERROR;
				CLANG_WARN_QUOTED_INCLUDE_IN_FRAMEWORK_HEADER = YES;
				CLANG_WARN_RANGE_LOOP_ANALYSIS = YES;
				CLANG_WARN_STRICT_PROTOTYPES = YES;
				CLANG_WARN_SUSPICIOUS_MOVE = YES;
				CLANG_WARN_UNGUARDED_AVAILABILITY = YES_AGGRESSIVE;
				CLANG_WARN_UNREACHABLE_CODE = YES;
				CLANG_WARN__DUPLICATE_METHOD_MATCH = YES;
				CODE_SIGN_STYLE = Automatic;
				COPY_PHASE_STRIP = NO;
				DEBUG_INFORMATION_FORMAT = "dwarf-with-dsym";
				ENABLE_BITCODE = YES;
				ENABLE_NS_ASSERTIONS = NO;
				ENABLE_STRICT_OBJC_MSGSEND = YES;
				GCC_C_LANGUAGE_STANDARD = gnu11;
				GCC_NO_COMMON_BLOCKS = YES;
				GCC_WARN_64_TO_32_BIT_CONVERSION = YES;
				GCC_WARN_ABOUT_RETURN_TYPE = YES_ERROR;
				GCC_WARN_UNDECLARED_SELECTOR = YES;
				GCC_WARN_UNINITIALIZED_AUTOS = YES_AGGRESSIVE;
				GCC_WARN_UNUSED_FUNCTION = YES;
				GCC_WARN_UNUSED_VARIABLE = YES;
				INFOPLIST_FILE = "wat WatchKit Extension/Info.plist";
				LD_RUNPATH_SEARCH_PATHS = (
					"$(inherited)",
					"@executable_path/Frameworks",
					"@executable_path/../../Frameworks",
				);
				MTL_ENABLE_DEBUG_INFO = NO;
				MTL_FAST_MATH = YES;
				PRODUCT_BUNDLE_IDENTIFIER = com.microsoft.Office.Outlook.wat.watchkitapp.watchkitextension;
				PRODUCT_NAME = "${TARGET_NAME}";
				SDKROOT = watchos;
				SKIP_INSTALL = YES;
				SWIFT_COMPILATION_MODE = wholemodule;
				SWIFT_OPTIMIZATION_LEVEL = "-O";
				SWIFT_VERSION = 5.0;
				TARGETED_DEVICE_FAMILY = 4;
				VALIDATE_PRODUCT = YES;
				WATCHOS_DEPLOYMENT_TARGET = 7.1;
			};
			name = Release;
		};
		DD624D4525B05EEF0081F68F /* Debug */ = {
			isa = XCBuildConfiguration;
			buildSettings = {
				ALWAYS_EMBED_SWIFT_STANDARD_LIBRARIES = YES;
				ALWAYS_SEARCH_USER_PATHS = NO;
				ASSETCATALOG_COMPILER_APPICON_NAME = AppIcon;
				ASSETCATALOG_COMPILER_GLOBAL_ACCENT_COLOR_NAME = AccentColor;
				CLANG_ANALYZER_NONNULL = YES;
				CLANG_ANALYZER_NUMBER_OBJECT_CONVERSION = YES_AGGRESSIVE;
				CLANG_CXX_LANGUAGE_STANDARD = "gnu++14";
				CLANG_CXX_LIBRARY = "libc++";
				CLANG_ENABLE_MODULES = YES;
				CLANG_ENABLE_OBJC_ARC = YES;
				CLANG_ENABLE_OBJC_WEAK = YES;
				CLANG_WARN_BLOCK_CAPTURE_AUTORELEASING = YES;
				CLANG_WARN_BOOL_CONVERSION = YES;
				CLANG_WARN_COMMA = YES;
				CLANG_WARN_CONSTANT_CONVERSION = YES;
				CLANG_WARN_DEPRECATED_OBJC_IMPLEMENTATIONS = YES;
				CLANG_WARN_DIRECT_OBJC_ISA_USAGE = YES_ERROR;
				CLANG_WARN_DOCUMENTATION_COMMENTS = YES;
				CLANG_WARN_EMPTY_BODY = YES;
				CLANG_WARN_ENUM_CONVERSION = YES;
				CLANG_WARN_INFINITE_RECURSION = YES;
				CLANG_WARN_INT_CONVERSION = YES;
				CLANG_WARN_NON_LITERAL_NULL_CONVERSION = YES;
				CLANG_WARN_OBJC_IMPLICIT_RETAIN_SELF = YES;
				CLANG_WARN_OBJC_LITERAL_CONVERSION = YES;
				CLANG_WARN_OBJC_ROOT_CLASS = YES_ERROR;
				CLANG_WARN_QUOTED_INCLUDE_IN_FRAMEWORK_HEADER = YES;
				CLANG_WARN_RANGE_LOOP_ANALYSIS = YES;
				CLANG_WARN_STRICT_PROTOTYPES = YES;
				CLANG_WARN_SUSPICIOUS_MOVE = YES;
				CLANG_WARN_UNGUARDED_AVAILABILITY = YES_AGGRESSIVE;
				CLANG_WARN_UNREACHABLE_CODE = YES;
				CLANG_WARN__DUPLICATE_METHOD_MATCH = YES;
				CODE_SIGN_STYLE = Automatic;
				COPY_PHASE_STRIP = NO;
				DEBUG_INFORMATION_FORMAT = dwarf;
				ENABLE_STRICT_OBJC_MSGSEND = YES;
				ENABLE_TESTABILITY = YES;
				GCC_C_LANGUAGE_STANDARD = gnu11;
				GCC_DYNAMIC_NO_PIC = NO;
				GCC_NO_COMMON_BLOCKS = YES;
				GCC_OPTIMIZATION_LEVEL = 0;
				GCC_PREPROCESSOR_DEFINITIONS = (
					"DEBUG=1",
					"$(inherited)",
				);
				GCC_WARN_64_TO_32_BIT_CONVERSION = YES;
				GCC_WARN_ABOUT_RETURN_TYPE = YES_ERROR;
				GCC_WARN_UNDECLARED_SELECTOR = YES;
				GCC_WARN_UNINITIALIZED_AUTOS = YES_AGGRESSIVE;
				GCC_WARN_UNUSED_FUNCTION = YES;
				GCC_WARN_UNUSED_VARIABLE = YES;
				IBSC_MODULE = wat_WatchKit_Extension;
				INFOPLIST_FILE = "wat WatchKit App/Info.plist";
				MTL_ENABLE_DEBUG_INFO = INCLUDE_SOURCE;
				MTL_FAST_MATH = YES;
				ONLY_ACTIVE_ARCH = YES;
				PRODUCT_BUNDLE_IDENTIFIER = com.microsoft.Office.Outlook.wat.watchkitapp;
				PRODUCT_NAME = "$(TARGET_NAME)";
				SDKROOT = watchos;
				SKIP_INSTALL = YES;
				SWIFT_ACTIVE_COMPILATION_CONDITIONS = DEBUG;
				SWIFT_OPTIMIZATION_LEVEL = "-Onone";
				SWIFT_VERSION = 5.0;
				TARGETED_DEVICE_FAMILY = 4;
				WATCHOS_DEPLOYMENT_TARGET = 7.1;
			};
			name = Debug;
		};
		DD624D4625B05EEF0081F68F /* Release */ = {
			isa = XCBuildConfiguration;
			buildSettings = {
				ALWAYS_EMBED_SWIFT_STANDARD_LIBRARIES = YES;
				ALWAYS_SEARCH_USER_PATHS = NO;
				ASSETCATALOG_COMPILER_APPICON_NAME = AppIcon;
				ASSETCATALOG_COMPILER_GLOBAL_ACCENT_COLOR_NAME = AccentColor;
				CLANG_ANALYZER_NONNULL = YES;
				CLANG_ANALYZER_NUMBER_OBJECT_CONVERSION = YES_AGGRESSIVE;
				CLANG_CXX_LANGUAGE_STANDARD = "gnu++14";
				CLANG_CXX_LIBRARY = "libc++";
				CLANG_ENABLE_MODULES = YES;
				CLANG_ENABLE_OBJC_ARC = YES;
				CLANG_ENABLE_OBJC_WEAK = YES;
				CLANG_WARN_BLOCK_CAPTURE_AUTORELEASING = YES;
				CLANG_WARN_BOOL_CONVERSION = YES;
				CLANG_WARN_COMMA = YES;
				CLANG_WARN_CONSTANT_CONVERSION = YES;
				CLANG_WARN_DEPRECATED_OBJC_IMPLEMENTATIONS = YES;
				CLANG_WARN_DIRECT_OBJC_ISA_USAGE = YES_ERROR;
				CLANG_WARN_DOCUMENTATION_COMMENTS = YES;
				CLANG_WARN_EMPTY_BODY = YES;
				CLANG_WARN_ENUM_CONVERSION = YES;
				CLANG_WARN_INFINITE_RECURSION = YES;
				CLANG_WARN_INT_CONVERSION = YES;
				CLANG_WARN_NON_LITERAL_NULL_CONVERSION = YES;
				CLANG_WARN_OBJC_IMPLICIT_RETAIN_SELF = YES;
				CLANG_WARN_OBJC_LITERAL_CONVERSION = YES;
				CLANG_WARN_OBJC_ROOT_CLASS = YES_ERROR;
				CLANG_WARN_QUOTED_INCLUDE_IN_FRAMEWORK_HEADER = YES;
				CLANG_WARN_RANGE_LOOP_ANALYSIS = YES;
				CLANG_WARN_STRICT_PROTOTYPES = YES;
				CLANG_WARN_SUSPICIOUS_MOVE = YES;
				CLANG_WARN_UNGUARDED_AVAILABILITY = YES_AGGRESSIVE;
				CLANG_WARN_UNREACHABLE_CODE = YES;
				CLANG_WARN__DUPLICATE_METHOD_MATCH = YES;
				CODE_SIGN_STYLE = Automatic;
				COPY_PHASE_STRIP = NO;
				DEBUG_INFORMATION_FORMAT = "dwarf-with-dsym";
				ENABLE_NS_ASSERTIONS = NO;
				ENABLE_STRICT_OBJC_MSGSEND = YES;
				GCC_C_LANGUAGE_STANDARD = gnu11;
				GCC_NO_COMMON_BLOCKS = YES;
				GCC_WARN_64_TO_32_BIT_CONVERSION = YES;
				GCC_WARN_ABOUT_RETURN_TYPE = YES_ERROR;
				GCC_WARN_UNDECLARED_SELECTOR = YES;
				GCC_WARN_UNINITIALIZED_AUTOS = YES_AGGRESSIVE;
				GCC_WARN_UNUSED_FUNCTION = YES;
				GCC_WARN_UNUSED_VARIABLE = YES;
				IBSC_MODULE = wat_WatchKit_Extension;
				INFOPLIST_FILE = "wat WatchKit App/Info.plist";
				MTL_ENABLE_DEBUG_INFO = NO;
				MTL_FAST_MATH = YES;
				PRODUCT_BUNDLE_IDENTIFIER = com.microsoft.Office.Outlook.wat.watchkitapp;
				PRODUCT_NAME = "$(TARGET_NAME)";
				SDKROOT = watchos;
				SKIP_INSTALL = YES;
				SWIFT_COMPILATION_MODE = wholemodule;
				SWIFT_OPTIMIZATION_LEVEL = "-O";
				SWIFT_VERSION = 5.0;
				TARGETED_DEVICE_FAMILY = 4;
				VALIDATE_PRODUCT = YES;
				WATCHOS_DEPLOYMENT_TARGET = 7.1;
			};
			name = Release;
		};
		DD624D4925B05EEF0081F68F /* Debug */ = {
			isa = XCBuildConfiguration;
			buildSettings = {
				ALWAYS_SEARCH_USER_PATHS = NO;
				CLANG_ANALYZER_NONNULL = YES;
				CLANG_ANALYZER_NUMBER_OBJECT_CONVERSION = YES_AGGRESSIVE;
				CLANG_CXX_LANGUAGE_STANDARD = "gnu++14";
				CLANG_CXX_LIBRARY = "libc++";
				CLANG_ENABLE_MODULES = YES;
				CLANG_ENABLE_OBJC_ARC = YES;
				CLANG_ENABLE_OBJC_WEAK = YES;
				CLANG_WARN_BLOCK_CAPTURE_AUTORELEASING = YES;
				CLANG_WARN_BOOL_CONVERSION = YES;
				CLANG_WARN_COMMA = YES;
				CLANG_WARN_CONSTANT_CONVERSION = YES;
				CLANG_WARN_DEPRECATED_OBJC_IMPLEMENTATIONS = YES;
				CLANG_WARN_DIRECT_OBJC_ISA_USAGE = YES_ERROR;
				CLANG_WARN_DOCUMENTATION_COMMENTS = YES;
				CLANG_WARN_EMPTY_BODY = YES;
				CLANG_WARN_ENUM_CONVERSION = YES;
				CLANG_WARN_INFINITE_RECURSION = YES;
				CLANG_WARN_INT_CONVERSION = YES;
				CLANG_WARN_NON_LITERAL_NULL_CONVERSION = YES;
				CLANG_WARN_OBJC_IMPLICIT_RETAIN_SELF = YES;
				CLANG_WARN_OBJC_LITERAL_CONVERSION = YES;
				CLANG_WARN_OBJC_ROOT_CLASS = YES_ERROR;
				CLANG_WARN_QUOTED_INCLUDE_IN_FRAMEWORK_HEADER = YES;
				CLANG_WARN_RANGE_LOOP_ANALYSIS = YES;
				CLANG_WARN_STRICT_PROTOTYPES = YES;
				CLANG_WARN_SUSPICIOUS_MOVE = YES;
				CLANG_WARN_UNGUARDED_AVAILABILITY = YES_AGGRESSIVE;
				CLANG_WARN_UNREACHABLE_CODE = YES;
				CLANG_WARN__DUPLICATE_METHOD_MATCH = YES;
				CODE_SIGN_STYLE = Automatic;
				COPY_PHASE_STRIP = NO;
				CURRENT_PROJECT_VERSION = 1;
				DEBUG_INFORMATION_FORMAT = dwarf;
				ENABLE_STRICT_OBJC_MSGSEND = YES;
				ENABLE_TESTABILITY = YES;
				GCC_C_LANGUAGE_STANDARD = gnu11;
				GCC_DYNAMIC_NO_PIC = NO;
				GCC_NO_COMMON_BLOCKS = YES;
				GCC_OPTIMIZATION_LEVEL = 0;
				GCC_PREPROCESSOR_DEFINITIONS = (
					"DEBUG=1",
					"$(inherited)",
				);
				GCC_WARN_64_TO_32_BIT_CONVERSION = YES;
				GCC_WARN_ABOUT_RETURN_TYPE = YES_ERROR;
				GCC_WARN_UNDECLARED_SELECTOR = YES;
				GCC_WARN_UNINITIALIZED_AUTOS = YES_AGGRESSIVE;
				GCC_WARN_UNUSED_FUNCTION = YES;
				GCC_WARN_UNUSED_VARIABLE = YES;
				MARKETING_VERSION = 1.0;
				MTL_ENABLE_DEBUG_INFO = INCLUDE_SOURCE;
				MTL_FAST_MATH = YES;
				ONLY_ACTIVE_ARCH = YES;
				PRODUCT_BUNDLE_IDENTIFIER = com.microsoft.Office.Outlook.wat;
				PRODUCT_NAME = "$(TARGET_NAME)";
				SWIFT_ACTIVE_COMPILATION_CONDITIONS = DEBUG;
				SWIFT_OPTIMIZATION_LEVEL = "-Onone";
				SWIFT_VERSION = 5.0;
			};
			name = Debug;
		};
		DD624D4A25B05EEF0081F68F /* Release */ = {
			isa = XCBuildConfiguration;
			buildSettings = {
				ALWAYS_SEARCH_USER_PATHS = NO;
				CLANG_ANALYZER_NONNULL = YES;
				CLANG_ANALYZER_NUMBER_OBJECT_CONVERSION = YES_AGGRESSIVE;
				CLANG_CXX_LANGUAGE_STANDARD = "gnu++14";
				CLANG_CXX_LIBRARY = "libc++";
				CLANG_ENABLE_MODULES = YES;
				CLANG_ENABLE_OBJC_ARC = YES;
				CLANG_ENABLE_OBJC_WEAK = YES;
				CLANG_WARN_BLOCK_CAPTURE_AUTORELEASING = YES;
				CLANG_WARN_BOOL_CONVERSION = YES;
				CLANG_WARN_COMMA = YES;
				CLANG_WARN_CONSTANT_CONVERSION = YES;
				CLANG_WARN_DEPRECATED_OBJC_IMPLEMENTATIONS = YES;
				CLANG_WARN_DIRECT_OBJC_ISA_USAGE = YES_ERROR;
				CLANG_WARN_DOCUMENTATION_COMMENTS = YES;
				CLANG_WARN_EMPTY_BODY = YES;
				CLANG_WARN_ENUM_CONVERSION = YES;
				CLANG_WARN_INFINITE_RECURSION = YES;
				CLANG_WARN_INT_CONVERSION = YES;
				CLANG_WARN_NON_LITERAL_NULL_CONVERSION = YES;
				CLANG_WARN_OBJC_IMPLICIT_RETAIN_SELF = YES;
				CLANG_WARN_OBJC_LITERAL_CONVERSION = YES;
				CLANG_WARN_OBJC_ROOT_CLASS = YES_ERROR;
				CLANG_WARN_QUOTED_INCLUDE_IN_FRAMEWORK_HEADER = YES;
				CLANG_WARN_RANGE_LOOP_ANALYSIS = YES;
				CLANG_WARN_STRICT_PROTOTYPES = YES;
				CLANG_WARN_SUSPICIOUS_MOVE = YES;
				CLANG_WARN_UNGUARDED_AVAILABILITY = YES_AGGRESSIVE;
				CLANG_WARN_UNREACHABLE_CODE = YES;
				CLANG_WARN__DUPLICATE_METHOD_MATCH = YES;
				CODE_SIGN_STYLE = Automatic;
				COPY_PHASE_STRIP = NO;
				CURRENT_PROJECT_VERSION = 1;
				DEBUG_INFORMATION_FORMAT = "dwarf-with-dsym";
				ENABLE_NS_ASSERTIONS = NO;
				ENABLE_STRICT_OBJC_MSGSEND = YES;
				GCC_C_LANGUAGE_STANDARD = gnu11;
				GCC_NO_COMMON_BLOCKS = YES;
				GCC_WARN_64_TO_32_BIT_CONVERSION = YES;
				GCC_WARN_ABOUT_RETURN_TYPE = YES_ERROR;
				GCC_WARN_UNDECLARED_SELECTOR = YES;
				GCC_WARN_UNINITIALIZED_AUTOS = YES_AGGRESSIVE;
				GCC_WARN_UNUSED_FUNCTION = YES;
				GCC_WARN_UNUSED_VARIABLE = YES;
				MARKETING_VERSION = 1.0;
				MTL_ENABLE_DEBUG_INFO = NO;
				MTL_FAST_MATH = YES;
				PRODUCT_BUNDLE_IDENTIFIER = com.microsoft.Office.Outlook.wat;
				PRODUCT_NAME = "$(TARGET_NAME)";
				SDKROOT = iphoneos;
				SWIFT_COMPILATION_MODE = wholemodule;
				SWIFT_OPTIMIZATION_LEVEL = "-O";
				SWIFT_VERSION = 5.0;
				VALIDATE_PRODUCT = YES;
			};
			name = Release;
		};
		DD74C33825AF302C00C4A922 /* Debug */ = {
			isa = XCBuildConfiguration;
			buildSettings = {
				IPHONEOS_DEPLOYMENT_TARGET = 14.2;
				SDKROOT = iphoneos;
			};
			name = Debug;
		};
		DD74C33925AF302C00C4A922 /* Release */ = {
			isa = XCBuildConfiguration;
			buildSettings = {
			};
			name = Release;
		};
		DD74C33B25AF302C00C4A922 /* Debug */ = {
			isa = XCBuildConfiguration;
			buildSettings = {
				ALWAYS_EMBED_SWIFT_STANDARD_LIBRARIES = YES;
				ASSETCATALOG_COMPILER_APPICON_NAME = AppIcon;
				ASSETCATALOG_COMPILER_GLOBAL_ACCENT_COLOR_NAME = AccentColor;
				CLANG_ENABLE_MODULES = YES;
				CODE_SIGN_STYLE = Automatic;
				INFOPLIST_FILE = CLJTest/Info.plist;
				LD_RUNPATH_SEARCH_PATHS = (
					"$(inherited)",
					"@executable_path/Frameworks",
				);
				PRODUCT_BUNDLE_IDENTIFIER = com.microsoft.Office.Outlook.CLJTest;
				PRODUCT_NAME = "$(TARGET_NAME)";
				SWIFT_OBJC_BRIDGING_HEADER = "CLJTest/CLJTest-Bridging-Header.h";
				SWIFT_OPTIMIZATION_LEVEL = "-Onone";
				SWIFT_VERSION = 5.0;
				TARGETED_DEVICE_FAMILY = "1,2";
			};
			name = Debug;
		};
		DD74C33C25AF302C00C4A922 /* Release */ = {
			isa = XCBuildConfiguration;
			buildSettings = {
				ALWAYS_EMBED_SWIFT_STANDARD_LIBRARIES = YES;
				ASSETCATALOG_COMPILER_APPICON_NAME = AppIcon;
				ASSETCATALOG_COMPILER_GLOBAL_ACCENT_COLOR_NAME = AccentColor;
				CLANG_ENABLE_MODULES = YES;
				CODE_SIGN_STYLE = Automatic;
				INFOPLIST_FILE = CLJTest/Info.plist;
				LD_RUNPATH_SEARCH_PATHS = (
					"$(inherited)",
					"@executable_path/Frameworks",
				);
				PRODUCT_BUNDLE_IDENTIFIER = com.microsoft.Office.Outlook.CLJTest;
				PRODUCT_NAME = "$(TARGET_NAME)";
				SWIFT_OBJC_BRIDGING_HEADER = "CLJTest/CLJTest-Bridging-Header.h";
				SWIFT_VERSION = 5.0;
				TARGETED_DEVICE_FAMILY = "1,2";
			};
			name = Release;
		};
/* End XCBuildConfiguration section */

/* Begin XCConfigurationList section */
		DD624D4025B05EEF0081F68F /* Build configuration list for PBXNativeTarget "wat WatchKit Extension" */ = {
			isa = XCConfigurationList;
			buildConfigurations = (
				DD624D4125B05EEF0081F68F /* Debug */,
				DD624D4225B05EEF0081F68F /* Release */,
			);
			defaultConfigurationIsVisible = 0;
			defaultConfigurationName = Release;
		};
		DD624D4425B05EEF0081F68F /* Build configuration list for PBXNativeTarget "wat WatchKit App" */ = {
			isa = XCConfigurationList;
			buildConfigurations = (
				DD624D4525B05EEF0081F68F /* Debug */,
				DD624D4625B05EEF0081F68F /* Release */,
			);
			defaultConfigurationIsVisible = 0;
			defaultConfigurationName = Release;
		};
		DD624D4825B05EEF0081F68F /* Build configuration list for PBXNativeTarget "wat" */ = {
			isa = XCConfigurationList;
			buildConfigurations = (
				DD624D4925B05EEF0081F68F /* Debug */,
				DD624D4A25B05EEF0081F68F /* Release */,
			);
			defaultConfigurationIsVisible = 0;
			defaultConfigurationName = Release;
		};
		DD74C32125AF302A00C4A922 /* Build configuration list for PBXProject "CLJTest" */ = {
			isa = XCConfigurationList;
			buildConfigurations = (
				DD74C33825AF302C00C4A922 /* Debug */,
				DD74C33925AF302C00C4A922 /* Release */,
			);
			defaultConfigurationIsVisible = 0;
			defaultConfigurationName = Release;
		};
		DD74C33A25AF302C00C4A922 /* Build configuration list for PBXNativeTarget "CLJTest" */ = {
			isa = XCConfigurationList;
			buildConfigurations = (
				DD74C33B25AF302C00C4A922 /* Debug */,
				DD74C33C25AF302C00C4A922 /* Release */,
			);
			defaultConfigurationIsVisible = 0;
			defaultConfigurationName = Release;
		};
/* End XCConfigurationList section */
	};
	rootObject = DD74C31E25AF302A00C4A922 /* Project object */;
}
